
Microsoft Visual Studio Solution File, Format Version 12.00
# Visual Studio Version 17
VisualStudioVersion = 17.11.35219.272
MinimumVisualStudioVersion = 10.0.40219.1
Project("{FAE04EC0-301F-11D3-BF4B-00C04F79EFBC}") = "Hóa đơn tiền điện", "Hóa đơn tiền điện\Hóa đơn tiền điện.csproj", "{B46B715E-95BD-4222-8099-A54AD76F8BED}"
EndProject
Global
	GlobalSection(SolutionConfigurationPlatforms) = preSolution
		Debug|Any CPU = Debug|Any CPU
		Release|Any CPU = Release|Any CPU
	EndGlobalSection
	GlobalSection(ProjectConfigurationPlatforms) = postSolution
		{B46B715E-95BD-4222-8099-A54AD76F8BED}.Debug|Any CPU.ActiveCfg = Debug|Any CPU
		{B46B715E-95BD-4222-8099-A54AD76F8BED}.Debug|Any CPU.Build.0 = Debug|Any CPU
		{B46B715E-95BD-4222-8099-A54AD76F8BED}.Release|Any CPU.ActiveCfg = Release|Any CPU
		{B46B715E-95BD-4222-8099-A54AD76F8BED}.Release|Any CPU.Build.0 = Release|Any CPU
	EndGlobalSection
	GlobalSection(SolutionProperties) = preSolution
		HideSolutionNode = FALSE
	EndGlobalSection
	GlobalSection(ExtensibilityGlobals) = postSolution
		SolutionGuid = {DDE05268-F41B-4AF2-9E18-FA579BBF5076}
	EndGlobalSection
EndGlobal
